
Microsoft Visual Studio Solution File, Format Version 12.00
# Visual Studio Version 17
VisualStudioVersion = 17.12.35728.132
MinimumVisualStudioVersion = 10.0.40219.1
Project("{FAE04EC0-301F-11D3-BF4B-00C04F79EFBC}") = "BT VB Probe - InterApp Demo Scripts", "BT VB Probe - InterApp Demo Scripts\BT VB Probe - InterApp Demo Scripts.csproj", "{F75F4984-FECF-440E-92CD-B8967F030E41}"
EndProject
Project("{2150E333-8FDC-42A3-9474-1A3956D46DE8}") = "Internal", "Internal", "{23402084-0076-496C-A63A-327C526915C3}"
EndProject
Project("{2150E333-8FDC-42A3-9474-1A3956D46DE8}") = "Code Analysis", "Code Analysis", "{608EF3AC-2474-49D3-B3F6-5145BE69FDB4}"
	ProjectSection(SolutionItems) = preProject
		Internal\Code Analysis\qaction-debug.ruleset = Internal\Code Analysis\qaction-debug.ruleset
		Internal\Code Analysis\qaction-release.ruleset = Internal\Code Analysis\qaction-release.ruleset
		Internal\Code Analysis\stylecop.json = Internal\Code Analysis\stylecop.json
	EndProjectSection
EndProject
Project("{2150E333-8FDC-42A3-9474-1A3956D46DE8}") = "Alarm Thresholds", "Alarm Thresholds", "{D97CEC35-44F0-40F0-9135-12D9D223B09F}"
EndProject
Project("{2150E333-8FDC-42A3-9474-1A3956D46DE8}") = "Ethernet Thresholds", "Ethernet Thresholds", "{89F6283F-5999-4B9E-B64F-687669AA54B2}"
EndProject
Project("{2150E333-8FDC-42A3-9474-1A3956D46DE8}") = "ETR Thresholds", "ETR Thresholds", "{59342B4D-0D8B-4D15-BDBD-833AED731D96}"
EndProject
Project("{2150E333-8FDC-42A3-9474-1A3956D46DE8}") = "PID Thresholds", "PID Thresholds", "{9D3D92F1-3FA3-4792-9066-82B096CF5D77}"
EndProject
Project("{2150E333-8FDC-42A3-9474-1A3956D46DE8}") = "PID Thresholds Presets", "PID Thresholds Presets", "{718230AA-9B8B-4A45-A63C-CEE83A72517F}"
EndProject
Project("{2150E333-8FDC-42A3-9474-1A3956D46DE8}") = "Streams", "Streams", "{A0E1C395-88C9-4BBA-97C5-911EFCB0B6E1}"
EndProject
Project("{2150E333-8FDC-42A3-9474-1A3956D46DE8}") = "Ethernet Streams", "Ethernet Streams", "{A0705FEC-8385-4A2B-8C29-E3A12C557A9F}"
EndProject
Project("{2150E333-8FDC-42A3-9474-1A3956D46DE8}") = "OTT Streams", "OTT Streams", "{23114716-1FDE-48FB-AEC2-4998724A1037}"
EndProject
Project("{FAE04EC0-301F-11D3-BF4B-00C04F79EFBC}") = "ThresholdEthCreateBulk", "Alarm Thresholds\Ethernet Thresholds\ThresholdEthCreateBulk\ThresholdEthCreateBulk.csproj", "{42F0C139-1D96-4CD0-B2E1-E251583B4E59}"
EndProject
Project("{FAE04EC0-301F-11D3-BF4B-00C04F79EFBC}") = "ThresholdEthCreateSingle", "Alarm Thresholds\Ethernet Thresholds\ThresholdEthCreateSingle\ThresholdEthCreateSingle.csproj", "{8F7ABEF4-A9A3-4F19-8F4D-B15BF1F80318}"
EndProject
Project("{FAE04EC0-301F-11D3-BF4B-00C04F79EFBC}") = "ThresholdEthDelete", "Alarm Thresholds\Ethernet Thresholds\ThresholdEthDelete\ThresholdEthDelete.csproj", "{637FDB02-C809-4DFF-A787-DAD85D017DE0}"
EndProject
Project("{FAE04EC0-301F-11D3-BF4B-00C04F79EFBC}") = "ThresholdEthEdit", "Alarm Thresholds\Ethernet Thresholds\ThresholdEthEdit\ThresholdEthEdit.csproj", "{4BDB6263-2D26-413E-A025-B2A800C1DD53}"
EndProject
Project("{FAE04EC0-301F-11D3-BF4B-00C04F79EFBC}") = "ThresholdEtrCreateBulk", "Alarm Thresholds\ETR Thresholds\ThresholdEtrCreateBulk\ThresholdEtrCreateBulk.csproj", "{5A0D8261-294D-4CF9-827F-B03A31D47581}"
EndProject
Project("{FAE04EC0-301F-11D3-BF4B-00C04F79EFBC}") = "ThresholdEtrCreateSingle", "Alarm Thresholds\ETR Thresholds\ThresholdEtrCreateSingle\ThresholdEtrCreateSingle.csproj", "{F4083459-210B-4B7C-A7E8-CBDBC1D55C0E}"
EndProject
Project("{FAE04EC0-301F-11D3-BF4B-00C04F79EFBC}") = "ThresholdEtrDelete", "Alarm Thresholds\ETR Thresholds\ThresholdEtrDelete\ThresholdEtrDelete.csproj", "{201BE650-18A4-4F4B-B5D4-945B530197DC}"
EndProject
Project("{FAE04EC0-301F-11D3-BF4B-00C04F79EFBC}") = "ThresholdEtrEdit", "Alarm Thresholds\ETR Thresholds\ThresholdEtrEdit\ThresholdEtrEdit.csproj", "{D21AA6EA-97EB-49DF-ACDB-1BDCAB6A905E}"
EndProject
Project("{FAE04EC0-301F-11D3-BF4B-00C04F79EFBC}") = "ThresholdPidCreateBulk", "Alarm Thresholds\PID Thresholds\ThresholdPidCreateBulk\ThresholdPidCreateBulk.csproj", "{ECF6A056-4BE8-43CE-9D7C-57FEB8521B0B}"
EndProject
Project("{FAE04EC0-301F-11D3-BF4B-00C04F79EFBC}") = "ThresholdPidCreateSingle", "Alarm Thresholds\PID Thresholds\ThresholdPidCreateSingle\ThresholdPidCreateSingle.csproj", "{E25AA1A0-1BA1-451A-BFDD-C29D27022A5D}"
EndProject
Project("{FAE04EC0-301F-11D3-BF4B-00C04F79EFBC}") = "ThresholdPidDelete", "Alarm Thresholds\PID Thresholds\ThresholdPidDelete\ThresholdPidDelete.csproj", "{8979611D-D49D-4776-BCBE-BE8607CA54DC}"
EndProject
Project("{FAE04EC0-301F-11D3-BF4B-00C04F79EFBC}") = "ThresholdPidEdit", "Alarm Thresholds\PID Thresholds\ThresholdPidEdit\ThresholdPidEdit.csproj", "{29A35B1C-691C-46DA-92A6-A9F5C09FBEDD}"
EndProject
Project("{FAE04EC0-301F-11D3-BF4B-00C04F79EFBC}") = "ThresholdPidPresetCreateBulk", "Alarm Thresholds\PID Thresholds Presets\ThresholdPidPresetCreateBulk\ThresholdPidPresetCreateBulk.csproj", "{93A7D59F-5A70-4362-A9A1-EDCAABC7FC3B}"
EndProject
Project("{FAE04EC0-301F-11D3-BF4B-00C04F79EFBC}") = "ThresholdPidPresetCreateSingle", "Alarm Thresholds\PID Thresholds Presets\ThresholdPidPresetCreateSingle\ThresholdPidPresetCreateSingle.csproj", "{61062030-3C34-4BCF-82B1-28143ABFDF09}"
EndProject
Project("{FAE04EC0-301F-11D3-BF4B-00C04F79EFBC}") = "ThresholdPidPresetDelete", "Alarm Thresholds\PID Thresholds Presets\ThresholdPidPresetDelete\ThresholdPidPresetDelete.csproj", "{7EB91252-704A-40C6-B7F7-4F4C01ABDC7D}"
EndProject
Project("{FAE04EC0-301F-11D3-BF4B-00C04F79EFBC}") = "ThresholdPidPresetEdit", "Alarm Thresholds\PID Thresholds Presets\ThresholdPidPresetEdit\ThresholdPidPresetEdit.csproj", "{403399A9-EF94-496C-A9B4-7FBCF8CA6A48}"
EndProject
Project("{FAE04EC0-301F-11D3-BF4B-00C04F79EFBC}") = "StreamEthCreateBulk", "Streams\Ethernet Streams\StreamEthCreateBulk\StreamEthCreateBulk.csproj", "{B81F6079-F2F9-4103-BBB6-FD77F57C7E82}"
EndProject
Project("{FAE04EC0-301F-11D3-BF4B-00C04F79EFBC}") = "StreamEthCreateSingle", "Streams\Ethernet Streams\StreamEthCreateSingle\StreamEthCreateSingle.csproj", "{5A2D5F04-FAA5-4F02-8355-2E15B4E1C143}"
EndProject
Project("{FAE04EC0-301F-11D3-BF4B-00C04F79EFBC}") = "StreamEthDelete", "Streams\Ethernet Streams\StreamEthDelete\StreamEthDelete.csproj", "{5A1EF92F-4AB9-4EC3-86BC-09663C6FB890}"
EndProject
Project("{FAE04EC0-301F-11D3-BF4B-00C04F79EFBC}") = "StreamEthEdit", "Streams\Ethernet Streams\StreamEthEdit\StreamEthEdit.csproj", "{E17B4C52-5A42-4D04-847B-8D2685E35BBC}"
EndProject
Project("{FAE04EC0-301F-11D3-BF4B-00C04F79EFBC}") = "StreamOttCreateBulk", "Streams\OTT Streams\StreamOttCreateBulk\StreamOttCreateBulk.csproj", "{470AEF25-96C8-4AFE-8CE2-7519C5F3245F}"
EndProject
Project("{FAE04EC0-301F-11D3-BF4B-00C04F79EFBC}") = "StreamOttCreateSingle", "Streams\OTT Streams\StreamOttCreateSingle\StreamOttCreateSingle.csproj", "{1CAF360A-11B2-4A0F-8055-8885610BAD62}"
EndProject
Project("{FAE04EC0-301F-11D3-BF4B-00C04F79EFBC}") = "StreamOttDelete", "Streams\OTT Streams\StreamOttDelete\StreamOttDelete.csproj", "{B7B12C54-4B5C-4C2F-B683-19C093CC611A}"
EndProject
Project("{FAE04EC0-301F-11D3-BF4B-00C04F79EFBC}") = "StreamOttEdit", "Streams\OTT Streams\StreamOttEdit\StreamOttEdit.csproj", "{8ADA0E37-1893-4ED9-A3DA-CC67BEE5136C}"
EndProject
Global
	GlobalSection(SolutionConfigurationPlatforms) = preSolution
		Debug|Any CPU = Debug|Any CPU
		Release|Any CPU = Release|Any CPU
	EndGlobalSection
	GlobalSection(ProjectConfigurationPlatforms) = postSolution
		{F75F4984-FECF-440E-92CD-B8967F030E41}.Debug|Any CPU.ActiveCfg = Debug|Any CPU
		{F75F4984-FECF-440E-92CD-B8967F030E41}.Debug|Any CPU.Build.0 = Debug|Any CPU
		{F75F4984-FECF-440E-92CD-B8967F030E41}.Release|Any CPU.ActiveCfg = Release|Any CPU
		{F75F4984-FECF-440E-92CD-B8967F030E41}.Release|Any CPU.Build.0 = Release|Any CPU
		{42F0C139-1D96-4CD0-B2E1-E251583B4E59}.Debug|Any CPU.ActiveCfg = Debug|Any CPU
		{42F0C139-1D96-4CD0-B2E1-E251583B4E59}.Debug|Any CPU.Build.0 = Debug|Any CPU
		{42F0C139-1D96-4CD0-B2E1-E251583B4E59}.Release|Any CPU.ActiveCfg = Release|Any CPU
		{42F0C139-1D96-4CD0-B2E1-E251583B4E59}.Release|Any CPU.Build.0 = Release|Any CPU
		{8F7ABEF4-A9A3-4F19-8F4D-B15BF1F80318}.Debug|Any CPU.ActiveCfg = Debug|Any CPU
		{8F7ABEF4-A9A3-4F19-8F4D-B15BF1F80318}.Debug|Any CPU.Build.0 = Debug|Any CPU
		{8F7ABEF4-A9A3-4F19-8F4D-B15BF1F80318}.Release|Any CPU.ActiveCfg = Release|Any CPU
		{8F7ABEF4-A9A3-4F19-8F4D-B15BF1F80318}.Release|Any CPU.Build.0 = Release|Any CPU
		{637FDB02-C809-4DFF-A787-DAD85D017DE0}.Debug|Any CPU.ActiveCfg = Debug|Any CPU
		{637FDB02-C809-4DFF-A787-DAD85D017DE0}.Debug|Any CPU.Build.0 = Debug|Any CPU
		{637FDB02-C809-4DFF-A787-DAD85D017DE0}.Release|Any CPU.ActiveCfg = Release|Any CPU
		{637FDB02-C809-4DFF-A787-DAD85D017DE0}.Release|Any CPU.Build.0 = Release|Any CPU
		{4BDB6263-2D26-413E-A025-B2A800C1DD53}.Debug|Any CPU.ActiveCfg = Debug|Any CPU
		{4BDB6263-2D26-413E-A025-B2A800C1DD53}.Debug|Any CPU.Build.0 = Debug|Any CPU
		{4BDB6263-2D26-413E-A025-B2A800C1DD53}.Release|Any CPU.ActiveCfg = Release|Any CPU
		{4BDB6263-2D26-413E-A025-B2A800C1DD53}.Release|Any CPU.Build.0 = Release|Any CPU
		{5A0D8261-294D-4CF9-827F-B03A31D47581}.Debug|Any CPU.ActiveCfg = Debug|Any CPU
		{5A0D8261-294D-4CF9-827F-B03A31D47581}.Debug|Any CPU.Build.0 = Debug|Any CPU
		{5A0D8261-294D-4CF9-827F-B03A31D47581}.Release|Any CPU.ActiveCfg = Release|Any CPU
		{5A0D8261-294D-4CF9-827F-B03A31D47581}.Release|Any CPU.Build.0 = Release|Any CPU
		{F4083459-210B-4B7C-A7E8-CBDBC1D55C0E}.Debug|Any CPU.ActiveCfg = Debug|Any CPU
		{F4083459-210B-4B7C-A7E8-CBDBC1D55C0E}.Debug|Any CPU.Build.0 = Debug|Any CPU
		{F4083459-210B-4B7C-A7E8-CBDBC1D55C0E}.Release|Any CPU.ActiveCfg = Release|Any CPU
		{F4083459-210B-4B7C-A7E8-CBDBC1D55C0E}.Release|Any CPU.Build.0 = Release|Any CPU
		{201BE650-18A4-4F4B-B5D4-945B530197DC}.Debug|Any CPU.ActiveCfg = Debug|Any CPU
		{201BE650-18A4-4F4B-B5D4-945B530197DC}.Debug|Any CPU.Build.0 = Debug|Any CPU
		{201BE650-18A4-4F4B-B5D4-945B530197DC}.Release|Any CPU.ActiveCfg = Release|Any CPU
		{201BE650-18A4-4F4B-B5D4-945B530197DC}.Release|Any CPU.Build.0 = Release|Any CPU
		{D21AA6EA-97EB-49DF-ACDB-1BDCAB6A905E}.Debug|Any CPU.ActiveCfg = Debug|Any CPU
		{D21AA6EA-97EB-49DF-ACDB-1BDCAB6A905E}.Debug|Any CPU.Build.0 = Debug|Any CPU
		{D21AA6EA-97EB-49DF-ACDB-1BDCAB6A905E}.Release|Any CPU.ActiveCfg = Release|Any CPU
		{D21AA6EA-97EB-49DF-ACDB-1BDCAB6A905E}.Release|Any CPU.Build.0 = Release|Any CPU
		{ECF6A056-4BE8-43CE-9D7C-57FEB8521B0B}.Debug|Any CPU.ActiveCfg = Debug|Any CPU
		{ECF6A056-4BE8-43CE-9D7C-57FEB8521B0B}.Debug|Any CPU.Build.0 = Debug|Any CPU
		{ECF6A056-4BE8-43CE-9D7C-57FEB8521B0B}.Release|Any CPU.ActiveCfg = Release|Any CPU
		{ECF6A056-4BE8-43CE-9D7C-57FEB8521B0B}.Release|Any CPU.Build.0 = Release|Any CPU
		{E25AA1A0-1BA1-451A-BFDD-C29D27022A5D}.Debug|Any CPU.ActiveCfg = Debug|Any CPU
		{E25AA1A0-1BA1-451A-BFDD-C29D27022A5D}.Debug|Any CPU.Build.0 = Debug|Any CPU
		{E25AA1A0-1BA1-451A-BFDD-C29D27022A5D}.Release|Any CPU.ActiveCfg = Release|Any CPU
		{E25AA1A0-1BA1-451A-BFDD-C29D27022A5D}.Release|Any CPU.Build.0 = Release|Any CPU
		{8979611D-D49D-4776-BCBE-BE8607CA54DC}.Debug|Any CPU.ActiveCfg = Debug|Any CPU
		{8979611D-D49D-4776-BCBE-BE8607CA54DC}.Debug|Any CPU.Build.0 = Debug|Any CPU
		{8979611D-D49D-4776-BCBE-BE8607CA54DC}.Release|Any CPU.ActiveCfg = Release|Any CPU
		{8979611D-D49D-4776-BCBE-BE8607CA54DC}.Release|Any CPU.Build.0 = Release|Any CPU
		{29A35B1C-691C-46DA-92A6-A9F5C09FBEDD}.Debug|Any CPU.ActiveCfg = Debug|Any CPU
		{29A35B1C-691C-46DA-92A6-A9F5C09FBEDD}.Debug|Any CPU.Build.0 = Debug|Any CPU
		{29A35B1C-691C-46DA-92A6-A9F5C09FBEDD}.Release|Any CPU.ActiveCfg = Release|Any CPU
		{29A35B1C-691C-46DA-92A6-A9F5C09FBEDD}.Release|Any CPU.Build.0 = Release|Any CPU
		{93A7D59F-5A70-4362-A9A1-EDCAABC7FC3B}.Debug|Any CPU.ActiveCfg = Debug|Any CPU
		{93A7D59F-5A70-4362-A9A1-EDCAABC7FC3B}.Debug|Any CPU.Build.0 = Debug|Any CPU
		{93A7D59F-5A70-4362-A9A1-EDCAABC7FC3B}.Release|Any CPU.ActiveCfg = Release|Any CPU
		{93A7D59F-5A70-4362-A9A1-EDCAABC7FC3B}.Release|Any CPU.Build.0 = Release|Any CPU
		{61062030-3C34-4BCF-82B1-28143ABFDF09}.Debug|Any CPU.ActiveCfg = Debug|Any CPU
		{61062030-3C34-4BCF-82B1-28143ABFDF09}.Debug|Any CPU.Build.0 = Debug|Any CPU
		{61062030-3C34-4BCF-82B1-28143ABFDF09}.Release|Any CPU.ActiveCfg = Release|Any CPU
		{61062030-3C34-4BCF-82B1-28143ABFDF09}.Release|Any CPU.Build.0 = Release|Any CPU
		{7EB91252-704A-40C6-B7F7-4F4C01ABDC7D}.Debug|Any CPU.ActiveCfg = Debug|Any CPU
		{7EB91252-704A-40C6-B7F7-4F4C01ABDC7D}.Debug|Any CPU.Build.0 = Debug|Any CPU
		{7EB91252-704A-40C6-B7F7-4F4C01ABDC7D}.Release|Any CPU.ActiveCfg = Release|Any CPU
		{7EB91252-704A-40C6-B7F7-4F4C01ABDC7D}.Release|Any CPU.Build.0 = Release|Any CPU
		{403399A9-EF94-496C-A9B4-7FBCF8CA6A48}.Debug|Any CPU.ActiveCfg = Debug|Any CPU
		{403399A9-EF94-496C-A9B4-7FBCF8CA6A48}.Debug|Any CPU.Build.0 = Debug|Any CPU
		{403399A9-EF94-496C-A9B4-7FBCF8CA6A48}.Release|Any CPU.ActiveCfg = Release|Any CPU
		{403399A9-EF94-496C-A9B4-7FBCF8CA6A48}.Release|Any CPU.Build.0 = Release|Any CPU
		{B81F6079-F2F9-4103-BBB6-FD77F57C7E82}.Debug|Any CPU.ActiveCfg = Debug|Any CPU
		{B81F6079-F2F9-4103-BBB6-FD77F57C7E82}.Debug|Any CPU.Build.0 = Debug|Any CPU
		{B81F6079-F2F9-4103-BBB6-FD77F57C7E82}.Release|Any CPU.ActiveCfg = Release|Any CPU
		{B81F6079-F2F9-4103-BBB6-FD77F57C7E82}.Release|Any CPU.Build.0 = Release|Any CPU
		{5A2D5F04-FAA5-4F02-8355-2E15B4E1C143}.Debug|Any CPU.ActiveCfg = Debug|Any CPU
		{5A2D5F04-FAA5-4F02-8355-2E15B4E1C143}.Debug|Any CPU.Build.0 = Debug|Any CPU
		{5A2D5F04-FAA5-4F02-8355-2E15B4E1C143}.Release|Any CPU.ActiveCfg = Release|Any CPU
		{5A2D5F04-FAA5-4F02-8355-2E15B4E1C143}.Release|Any CPU.Build.0 = Release|Any CPU
		{5A1EF92F-4AB9-4EC3-86BC-09663C6FB890}.Debug|Any CPU.ActiveCfg = Debug|Any CPU
		{5A1EF92F-4AB9-4EC3-86BC-09663C6FB890}.Debug|Any CPU.Build.0 = Debug|Any CPU
		{5A1EF92F-4AB9-4EC3-86BC-09663C6FB890}.Release|Any CPU.ActiveCfg = Release|Any CPU
		{5A1EF92F-4AB9-4EC3-86BC-09663C6FB890}.Release|Any CPU.Build.0 = Release|Any CPU
		{E17B4C52-5A42-4D04-847B-8D2685E35BBC}.Debug|Any CPU.ActiveCfg = Debug|Any CPU
		{E17B4C52-5A42-4D04-847B-8D2685E35BBC}.Debug|Any CPU.Build.0 = Debug|Any CPU
		{E17B4C52-5A42-4D04-847B-8D2685E35BBC}.Release|Any CPU.ActiveCfg = Release|Any CPU
		{E17B4C52-5A42-4D04-847B-8D2685E35BBC}.Release|Any CPU.Build.0 = Release|Any CPU
		{470AEF25-96C8-4AFE-8CE2-7519C5F3245F}.Debug|Any CPU.ActiveCfg = Debug|Any CPU
		{470AEF25-96C8-4AFE-8CE2-7519C5F3245F}.Debug|Any CPU.Build.0 = Debug|Any CPU
		{470AEF25-96C8-4AFE-8CE2-7519C5F3245F}.Release|Any CPU.ActiveCfg = Release|Any CPU
		{470AEF25-96C8-4AFE-8CE2-7519C5F3245F}.Release|Any CPU.Build.0 = Release|Any CPU
		{1CAF360A-11B2-4A0F-8055-8885610BAD62}.Debug|Any CPU.ActiveCfg = Debug|Any CPU
		{1CAF360A-11B2-4A0F-8055-8885610BAD62}.Debug|Any CPU.Build.0 = Debug|Any CPU
		{1CAF360A-11B2-4A0F-8055-8885610BAD62}.Release|Any CPU.ActiveCfg = Release|Any CPU
		{1CAF360A-11B2-4A0F-8055-8885610BAD62}.Release|Any CPU.Build.0 = Release|Any CPU
		{B7B12C54-4B5C-4C2F-B683-19C093CC611A}.Debug|Any CPU.ActiveCfg = Debug|Any CPU
		{B7B12C54-4B5C-4C2F-B683-19C093CC611A}.Debug|Any CPU.Build.0 = Debug|Any CPU
		{B7B12C54-4B5C-4C2F-B683-19C093CC611A}.Release|Any CPU.ActiveCfg = Release|Any CPU
		{B7B12C54-4B5C-4C2F-B683-19C093CC611A}.Release|Any CPU.Build.0 = Release|Any CPU
		{8ADA0E37-1893-4ED9-A3DA-CC67BEE5136C}.Debug|Any CPU.ActiveCfg = Debug|Any CPU
		{8ADA0E37-1893-4ED9-A3DA-CC67BEE5136C}.Debug|Any CPU.Build.0 = Debug|Any CPU
		{8ADA0E37-1893-4ED9-A3DA-CC67BEE5136C}.Release|Any CPU.ActiveCfg = Release|Any CPU
		{8ADA0E37-1893-4ED9-A3DA-CC67BEE5136C}.Release|Any CPU.Build.0 = Release|Any CPU
	EndGlobalSection
	GlobalSection(SolutionProperties) = preSolution
		HideSolutionNode = FALSE
	EndGlobalSection
	GlobalSection(NestedProjects) = preSolution
		{608EF3AC-2474-49D3-B3F6-5145BE69FDB4} = {23402084-0076-496C-A63A-327C526915C3}
		{89F6283F-5999-4B9E-B64F-687669AA54B2} = {D97CEC35-44F0-40F0-9135-12D9D223B09F}
		{59342B4D-0D8B-4D15-BDBD-833AED731D96} = {D97CEC35-44F0-40F0-9135-12D9D223B09F}
		{9D3D92F1-3FA3-4792-9066-82B096CF5D77} = {D97CEC35-44F0-40F0-9135-12D9D223B09F}
		{718230AA-9B8B-4A45-A63C-CEE83A72517F} = {D97CEC35-44F0-40F0-9135-12D9D223B09F}
		{A0705FEC-8385-4A2B-8C29-E3A12C557A9F} = {A0E1C395-88C9-4BBA-97C5-911EFCB0B6E1}
		{23114716-1FDE-48FB-AEC2-4998724A1037} = {A0E1C395-88C9-4BBA-97C5-911EFCB0B6E1}
		{42F0C139-1D96-4CD0-B2E1-E251583B4E59} = {89F6283F-5999-4B9E-B64F-687669AA54B2}
		{8F7ABEF4-A9A3-4F19-8F4D-B15BF1F80318} = {89F6283F-5999-4B9E-B64F-687669AA54B2}
		{637FDB02-C809-4DFF-A787-DAD85D017DE0} = {89F6283F-5999-4B9E-B64F-687669AA54B2}
		{4BDB6263-2D26-413E-A025-B2A800C1DD53} = {89F6283F-5999-4B9E-B64F-687669AA54B2}
		{5A0D8261-294D-4CF9-827F-B03A31D47581} = {59342B4D-0D8B-4D15-BDBD-833AED731D96}
		{F4083459-210B-4B7C-A7E8-CBDBC1D55C0E} = {59342B4D-0D8B-4D15-BDBD-833AED731D96}
		{201BE650-18A4-4F4B-B5D4-945B530197DC} = {59342B4D-0D8B-4D15-BDBD-833AED731D96}
		{D21AA6EA-97EB-49DF-ACDB-1BDCAB6A905E} = {59342B4D-0D8B-4D15-BDBD-833AED731D96}
		{ECF6A056-4BE8-43CE-9D7C-57FEB8521B0B} = {9D3D92F1-3FA3-4792-9066-82B096CF5D77}
		{E25AA1A0-1BA1-451A-BFDD-C29D27022A5D} = {9D3D92F1-3FA3-4792-9066-82B096CF5D77}
		{8979611D-D49D-4776-BCBE-BE8607CA54DC} = {9D3D92F1-3FA3-4792-9066-82B096CF5D77}
		{29A35B1C-691C-46DA-92A6-A9F5C09FBEDD} = {9D3D92F1-3FA3-4792-9066-82B096CF5D77}
		{93A7D59F-5A70-4362-A9A1-EDCAABC7FC3B} = {718230AA-9B8B-4A45-A63C-CEE83A72517F}
		{61062030-3C34-4BCF-82B1-28143ABFDF09} = {718230AA-9B8B-4A45-A63C-CEE83A72517F}
		{7EB91252-704A-40C6-B7F7-4F4C01ABDC7D} = {718230AA-9B8B-4A45-A63C-CEE83A72517F}
		{403399A9-EF94-496C-A9B4-7FBCF8CA6A48} = {718230AA-9B8B-4A45-A63C-CEE83A72517F}
		{B81F6079-F2F9-4103-BBB6-FD77F57C7E82} = {A0705FEC-8385-4A2B-8C29-E3A12C557A9F}
		{5A2D5F04-FAA5-4F02-8355-2E15B4E1C143} = {A0705FEC-8385-4A2B-8C29-E3A12C557A9F}
		{5A1EF92F-4AB9-4EC3-86BC-09663C6FB890} = {A0705FEC-8385-4A2B-8C29-E3A12C557A9F}
		{E17B4C52-5A42-4D04-847B-8D2685E35BBC} = {A0705FEC-8385-4A2B-8C29-E3A12C557A9F}
		{470AEF25-96C8-4AFE-8CE2-7519C5F3245F} = {23114716-1FDE-48FB-AEC2-4998724A1037}
		{1CAF360A-11B2-4A0F-8055-8885610BAD62} = {23114716-1FDE-48FB-AEC2-4998724A1037}
		{B7B12C54-4B5C-4C2F-B683-19C093CC611A} = {23114716-1FDE-48FB-AEC2-4998724A1037}
		{8ADA0E37-1893-4ED9-A3DA-CC67BEE5136C} = {23114716-1FDE-48FB-AEC2-4998724A1037}
	EndGlobalSection
EndGlobal
