
Microsoft Visual Studio Solution File, Format Version 12.00
# Visual Studio Version 17
VisualStudioVersion = 17.5.33502.453
MinimumVisualStudioVersion = 10.0.40219.1
Project("{2150E333-8FDC-42A3-9474-1A3956D46DE8}") = "Internal", "Internal", "{5C7118D0-2773-4998-BDD0-D8B8CD1E1894}"
	ProjectSection(SolutionItems) = preProject
		Internal\.editorconfig = Internal\.editorconfig
	EndProjectSection
EndProject
Project("{2150E333-8FDC-42A3-9474-1A3956D46DE8}") = "Scripts", "Scripts", "{36E0E6E8-483E-4042-B45A-D4D023407236}"
EndProject
Project("{2150E333-8FDC-42A3-9474-1A3956D46DE8}") = "Dlls", "Dlls", "{FBDF74F9-FFE6-4420-AF92-80A44D5AA1B5}"
	ProjectSection(SolutionItems) = preProject
		Dlls\ABOUT.md = Dlls\ABOUT.md
	EndProjectSection
EndProject
Project("{2150E333-8FDC-42A3-9474-1A3956D46DE8}") = "CompanionFiles", "CompanionFiles", "{E85814A8-8FB8-4269-838E-E6C13B82651A}"
EndProject
Project("{2150E333-8FDC-42A3-9474-1A3956D46DE8}") = "Skyline DataMiner", "Skyline DataMiner", "{0FC12E97-A95C-4B02-8A5F-FA69554410A6}"
	ProjectSection(SolutionItems) = preProject
		CompanionFiles\Skyline DataMiner\AboutThisFolder.md = CompanionFiles\Skyline DataMiner\AboutThisFolder.md
	EndProjectSection
EndProject
Project("{2150E333-8FDC-42A3-9474-1A3956D46DE8}") = "Documentation", "Documentation", "{5A98FE7E-FB1D-4371-A8EF-E6EED0EF126A}"
	ProjectSection(SolutionItems) = preProject
		Documentation\ABOUT.md = Documentation\ABOUT.md
		README.md = README.md
	EndProjectSection
EndProject
Project("{2150E333-8FDC-42A3-9474-1A3956D46DE8}") = "Tests", "Tests", "{F8938D60-51A0-4880-9CFC-19C66379BB5D}"
EndProject
Project("{2150E333-8FDC-42A3-9474-1A3956D46DE8}") = "Code Analysis", "Code Analysis", "{A1A110C7-26BD-459B-A623-AF77E4710DF3}"
	ProjectSection(SolutionItems) = preProject
		Internal\Code Analysis\qaction-debug.ruleset = Internal\Code Analysis\qaction-debug.ruleset
		Internal\Code Analysis\qaction-release.ruleset = Internal\Code Analysis\qaction-release.ruleset
		Internal\Code Analysis\stylecop.json = Internal\Code Analysis\stylecop.json
	EndProjectSection
EndProject
Project("{2150E333-8FDC-42A3-9474-1A3956D46DE8}") = "StreamEthCreateBulk", "StreamEthCreateBulk", "{627620BB-F303-4EFC-846F-87DA50B75F76}"
	ProjectSection(SolutionItems) = preProject
		StreamEthCreateBulk.xml = StreamEthCreateBulk.xml
	EndProjectSection
EndProject
Project("{2150E333-8FDC-42A3-9474-1A3956D46DE8}") = "Actions", "Actions", "{D4201014-1B83-44F7-A9BB-99FC2B1048F4}"
EndProject
Project("{9A19103F-16F7-4668-BE54-9A1E7A4F7556}") = "StreamEthCreateBulk_2", "StreamEthCreateBulk_2\StreamEthCreateBulk_2.csproj", "{1632D3E8-2750-4C1C-BA95-F54F81D3D9F8}"
EndProject
Project("{2150E333-8FDC-42A3-9474-1A3956D46DE8}") = "Streams", "Streams", "{030FA097-4C58-468E-A29E-9B5536CFECAA}"
EndProject
Project("{2150E333-8FDC-42A3-9474-1A3956D46DE8}") = "Alarm Thresholds", "Alarm Thresholds", "{F992EDCA-43E9-497B-8830-2E0DBEA85488}"
EndProject
Project("{2150E333-8FDC-42A3-9474-1A3956D46DE8}") = "Ethernet Streams", "Ethernet Streams", "{8893A68D-1756-4186-A180-49BCB5E300BA}"
EndProject
Project("{2150E333-8FDC-42A3-9474-1A3956D46DE8}") = "OTT Streams", "OTT Streams", "{71FC049F-361F-4A20-8717-CC3C5CEFE43F}"
EndProject
Project("{2150E333-8FDC-42A3-9474-1A3956D46DE8}") = "StreamEthCreateSingle", "StreamEthCreateSingle", "{FFFFF579-D2B3-4F39-BD02-A9AF5FB0AF42}"
	ProjectSection(SolutionItems) = preProject
		StreamEthCreateSingle.xml = StreamEthCreateSingle.xml
	EndProjectSection
EndProject
Project("{2150E333-8FDC-42A3-9474-1A3956D46DE8}") = "Actions", "Actions", "{E379EC68-C545-4B39-A41E-C6B74D5430AE}"
EndProject
Project("{9A19103F-16F7-4668-BE54-9A1E7A4F7556}") = "StreamEthCreateSingle_2", "StreamEthCreateSingle_2\StreamEthCreateSingle_2.csproj", "{6F200139-B496-478C-8DE1-ECEA368F702C}"
EndProject
Project("{2150E333-8FDC-42A3-9474-1A3956D46DE8}") = "StreamEthEdit", "StreamEthEdit", "{5425EB76-193C-4CC0-916F-A67C13742BA5}"
	ProjectSection(SolutionItems) = preProject
		StreamEthEdit.xml = StreamEthEdit.xml
	EndProjectSection
EndProject
Project("{2150E333-8FDC-42A3-9474-1A3956D46DE8}") = "Actions", "Actions", "{64323541-4DC7-471B-B5AB-D1F2EECF32EB}"
EndProject
Project("{9A19103F-16F7-4668-BE54-9A1E7A4F7556}") = "StreamEthEdit_2", "StreamEthEdit_2\StreamEthEdit_2.csproj", "{B0CAC37D-1332-4C05-9C94-993DDF051E31}"
EndProject
Project("{2150E333-8FDC-42A3-9474-1A3956D46DE8}") = "StreamEthDelete", "StreamEthDelete", "{1938CD15-E8F9-4936-9ED3-0FA58D44AB3C}"
	ProjectSection(SolutionItems) = preProject
		StreamEthDelete.xml = StreamEthDelete.xml
	EndProjectSection
EndProject
Project("{2150E333-8FDC-42A3-9474-1A3956D46DE8}") = "Actions", "Actions", "{4C86AF80-8584-48C9-BB32-CC093BC83715}"
EndProject
Project("{9A19103F-16F7-4668-BE54-9A1E7A4F7556}") = "StreamEthDelete_2", "StreamEthDelete_2\StreamEthDelete_2.csproj", "{C2AA89F2-7214-4680-AEA3-E4FC7904DC28}"
EndProject
Project("{2150E333-8FDC-42A3-9474-1A3956D46DE8}") = "StreamOttCreateBulk", "StreamOttCreateBulk", "{A92260EB-7BAA-4CEB-9CC3-685C2B92C904}"
	ProjectSection(SolutionItems) = preProject
		StreamOttCreateBulk.xml = StreamOttCreateBulk.xml
	EndProjectSection
EndProject
Project("{2150E333-8FDC-42A3-9474-1A3956D46DE8}") = "Actions", "Actions", "{98502AB2-2F22-47B8-9466-802813CCC6A3}"
EndProject
Project("{9A19103F-16F7-4668-BE54-9A1E7A4F7556}") = "StreamOttCreateBulk_1", "StreamOttCreateBulk_1\StreamOttCreateBulk_1.csproj", "{0786166F-E915-4D23-BAC2-A677FDCCCBD1}"
EndProject
Project("{2150E333-8FDC-42A3-9474-1A3956D46DE8}") = "StreamOttCreateSingle", "StreamOttCreateSingle", "{0B560F4C-1847-4CF1-9EFB-A6BB9CEAC911}"
	ProjectSection(SolutionItems) = preProject
		StreamOttCreateSingle.xml = StreamOttCreateSingle.xml
	EndProjectSection
EndProject
Project("{2150E333-8FDC-42A3-9474-1A3956D46DE8}") = "Actions", "Actions", "{EB8219E6-70FA-4B15-A691-4D375DF17ED4}"
EndProject
Project("{9A19103F-16F7-4668-BE54-9A1E7A4F7556}") = "StreamOttCreateSingle_1", "StreamOttCreateSingle_1\StreamOttCreateSingle_1.csproj", "{8DCC23D8-0570-4313-A424-B1367599897A}"
EndProject
Project("{2150E333-8FDC-42A3-9474-1A3956D46DE8}") = "StreamOttEdit", "StreamOttEdit", "{629E5429-1384-4243-AE89-274958EFE32F}"
	ProjectSection(SolutionItems) = preProject
		StreamOttEdit.xml = StreamOttEdit.xml
	EndProjectSection
EndProject
Project("{2150E333-8FDC-42A3-9474-1A3956D46DE8}") = "Actions", "Actions", "{EAFE699F-9CAA-4FC2-8F0D-26F7C42A401B}"
EndProject
Project("{9A19103F-16F7-4668-BE54-9A1E7A4F7556}") = "StreamOttEdit_1", "StreamOttEdit_1\StreamOttEdit_1.csproj", "{E8945F22-92EE-42D7-A356-AE1259EA95E2}"
EndProject
Project("{2150E333-8FDC-42A3-9474-1A3956D46DE8}") = "StreamOttDelete", "StreamOttDelete", "{097EA54A-3F06-4039-8801-1977C12782B4}"
	ProjectSection(SolutionItems) = preProject
		StreamOttDelete.xml = StreamOttDelete.xml
	EndProjectSection
EndProject
Project("{2150E333-8FDC-42A3-9474-1A3956D46DE8}") = "Actions", "Actions", "{9DF216A7-D221-43F7-8844-25104D48153F}"
EndProject
Project("{9A19103F-16F7-4668-BE54-9A1E7A4F7556}") = "StreamOttDelete_1", "StreamOttDelete_1\StreamOttDelete_1.csproj", "{976A4AF7-005F-4511-859F-7DB3DD68720D}"
EndProject
Global
	GlobalSection(SolutionConfigurationPlatforms) = preSolution
		Debug|Any CPU = Debug|Any CPU
		Release|Any CPU = Release|Any CPU
	EndGlobalSection
	GlobalSection(ProjectConfigurationPlatforms) = postSolution
		{1632D3E8-2750-4C1C-BA95-F54F81D3D9F8}.Debug|Any CPU.ActiveCfg = Debug|Any CPU
		{1632D3E8-2750-4C1C-BA95-F54F81D3D9F8}.Debug|Any CPU.Build.0 = Debug|Any CPU
		{1632D3E8-2750-4C1C-BA95-F54F81D3D9F8}.Release|Any CPU.ActiveCfg = Release|Any CPU
		{1632D3E8-2750-4C1C-BA95-F54F81D3D9F8}.Release|Any CPU.Build.0 = Release|Any CPU
		{6F200139-B496-478C-8DE1-ECEA368F702C}.Debug|Any CPU.ActiveCfg = Debug|Any CPU
		{6F200139-B496-478C-8DE1-ECEA368F702C}.Debug|Any CPU.Build.0 = Debug|Any CPU
		{6F200139-B496-478C-8DE1-ECEA368F702C}.Release|Any CPU.ActiveCfg = Release|Any CPU
		{6F200139-B496-478C-8DE1-ECEA368F702C}.Release|Any CPU.Build.0 = Release|Any CPU
		{B0CAC37D-1332-4C05-9C94-993DDF051E31}.Debug|Any CPU.ActiveCfg = Debug|Any CPU
		{B0CAC37D-1332-4C05-9C94-993DDF051E31}.Debug|Any CPU.Build.0 = Debug|Any CPU
		{B0CAC37D-1332-4C05-9C94-993DDF051E31}.Release|Any CPU.ActiveCfg = Release|Any CPU
		{B0CAC37D-1332-4C05-9C94-993DDF051E31}.Release|Any CPU.Build.0 = Release|Any CPU
		{C2AA89F2-7214-4680-AEA3-E4FC7904DC28}.Debug|Any CPU.ActiveCfg = Debug|Any CPU
		{C2AA89F2-7214-4680-AEA3-E4FC7904DC28}.Debug|Any CPU.Build.0 = Debug|Any CPU
		{C2AA89F2-7214-4680-AEA3-E4FC7904DC28}.Release|Any CPU.ActiveCfg = Release|Any CPU
		{C2AA89F2-7214-4680-AEA3-E4FC7904DC28}.Release|Any CPU.Build.0 = Release|Any CPU
		{0786166F-E915-4D23-BAC2-A677FDCCCBD1}.Debug|Any CPU.ActiveCfg = Debug|Any CPU
		{0786166F-E915-4D23-BAC2-A677FDCCCBD1}.Debug|Any CPU.Build.0 = Debug|Any CPU
		{0786166F-E915-4D23-BAC2-A677FDCCCBD1}.Release|Any CPU.ActiveCfg = Release|Any CPU
		{0786166F-E915-4D23-BAC2-A677FDCCCBD1}.Release|Any CPU.Build.0 = Release|Any CPU
		{8DCC23D8-0570-4313-A424-B1367599897A}.Debug|Any CPU.ActiveCfg = Debug|Any CPU
		{8DCC23D8-0570-4313-A424-B1367599897A}.Debug|Any CPU.Build.0 = Debug|Any CPU
		{8DCC23D8-0570-4313-A424-B1367599897A}.Release|Any CPU.ActiveCfg = Release|Any CPU
		{8DCC23D8-0570-4313-A424-B1367599897A}.Release|Any CPU.Build.0 = Release|Any CPU
		{E8945F22-92EE-42D7-A356-AE1259EA95E2}.Debug|Any CPU.ActiveCfg = Debug|Any CPU
		{E8945F22-92EE-42D7-A356-AE1259EA95E2}.Debug|Any CPU.Build.0 = Debug|Any CPU
		{E8945F22-92EE-42D7-A356-AE1259EA95E2}.Release|Any CPU.ActiveCfg = Release|Any CPU
		{E8945F22-92EE-42D7-A356-AE1259EA95E2}.Release|Any CPU.Build.0 = Release|Any CPU
		{976A4AF7-005F-4511-859F-7DB3DD68720D}.Debug|Any CPU.ActiveCfg = Debug|Any CPU
		{976A4AF7-005F-4511-859F-7DB3DD68720D}.Debug|Any CPU.Build.0 = Debug|Any CPU
		{976A4AF7-005F-4511-859F-7DB3DD68720D}.Release|Any CPU.ActiveCfg = Release|Any CPU
		{976A4AF7-005F-4511-859F-7DB3DD68720D}.Release|Any CPU.Build.0 = Release|Any CPU
	EndGlobalSection
	GlobalSection(SolutionProperties) = preSolution
		HideSolutionNode = FALSE
	EndGlobalSection
	GlobalSection(NestedProjects) = preSolution
		{0FC12E97-A95C-4B02-8A5F-FA69554410A6} = {E85814A8-8FB8-4269-838E-E6C13B82651A}
		{A1A110C7-26BD-459B-A623-AF77E4710DF3} = {5C7118D0-2773-4998-BDD0-D8B8CD1E1894}
		{627620BB-F303-4EFC-846F-87DA50B75F76} = {8893A68D-1756-4186-A180-49BCB5E300BA}
		{D4201014-1B83-44F7-A9BB-99FC2B1048F4} = {627620BB-F303-4EFC-846F-87DA50B75F76}
		{1632D3E8-2750-4C1C-BA95-F54F81D3D9F8} = {D4201014-1B83-44F7-A9BB-99FC2B1048F4}
		{030FA097-4C58-468E-A29E-9B5536CFECAA} = {36E0E6E8-483E-4042-B45A-D4D023407236}
		{F992EDCA-43E9-497B-8830-2E0DBEA85488} = {36E0E6E8-483E-4042-B45A-D4D023407236}
		{8893A68D-1756-4186-A180-49BCB5E300BA} = {030FA097-4C58-468E-A29E-9B5536CFECAA}
		{71FC049F-361F-4A20-8717-CC3C5CEFE43F} = {030FA097-4C58-468E-A29E-9B5536CFECAA}
		{FFFFF579-D2B3-4F39-BD02-A9AF5FB0AF42} = {8893A68D-1756-4186-A180-49BCB5E300BA}
		{E379EC68-C545-4B39-A41E-C6B74D5430AE} = {FFFFF579-D2B3-4F39-BD02-A9AF5FB0AF42}
		{6F200139-B496-478C-8DE1-ECEA368F702C} = {E379EC68-C545-4B39-A41E-C6B74D5430AE}
		{5425EB76-193C-4CC0-916F-A67C13742BA5} = {8893A68D-1756-4186-A180-49BCB5E300BA}
		{64323541-4DC7-471B-B5AB-D1F2EECF32EB} = {5425EB76-193C-4CC0-916F-A67C13742BA5}
		{B0CAC37D-1332-4C05-9C94-993DDF051E31} = {64323541-4DC7-471B-B5AB-D1F2EECF32EB}
		{1938CD15-E8F9-4936-9ED3-0FA58D44AB3C} = {8893A68D-1756-4186-A180-49BCB5E300BA}
		{4C86AF80-8584-48C9-BB32-CC093BC83715} = {1938CD15-E8F9-4936-9ED3-0FA58D44AB3C}
		{C2AA89F2-7214-4680-AEA3-E4FC7904DC28} = {4C86AF80-8584-48C9-BB32-CC093BC83715}
		{A92260EB-7BAA-4CEB-9CC3-685C2B92C904} = {71FC049F-361F-4A20-8717-CC3C5CEFE43F}
		{98502AB2-2F22-47B8-9466-802813CCC6A3} = {A92260EB-7BAA-4CEB-9CC3-685C2B92C904}
		{0786166F-E915-4D23-BAC2-A677FDCCCBD1} = {98502AB2-2F22-47B8-9466-802813CCC6A3}
		{0B560F4C-1847-4CF1-9EFB-A6BB9CEAC911} = {71FC049F-361F-4A20-8717-CC3C5CEFE43F}
		{EB8219E6-70FA-4B15-A691-4D375DF17ED4} = {0B560F4C-1847-4CF1-9EFB-A6BB9CEAC911}
		{8DCC23D8-0570-4313-A424-B1367599897A} = {EB8219E6-70FA-4B15-A691-4D375DF17ED4}
		{629E5429-1384-4243-AE89-274958EFE32F} = {71FC049F-361F-4A20-8717-CC3C5CEFE43F}
		{EAFE699F-9CAA-4FC2-8F0D-26F7C42A401B} = {629E5429-1384-4243-AE89-274958EFE32F}
		{E8945F22-92EE-42D7-A356-AE1259EA95E2} = {EAFE699F-9CAA-4FC2-8F0D-26F7C42A401B}
		{097EA54A-3F06-4039-8801-1977C12782B4} = {71FC049F-361F-4A20-8717-CC3C5CEFE43F}
		{9DF216A7-D221-43F7-8844-25104D48153F} = {097EA54A-3F06-4039-8801-1977C12782B4}
		{976A4AF7-005F-4511-859F-7DB3DD68720D} = {9DF216A7-D221-43F7-8844-25104D48153F}
	EndGlobalSection
	GlobalSection(ExtensibilityGlobals) = postSolution
		SolutionGuid = {BD80FBCD-1772-4E26-8EE1-E5B83B22FDEA}
	EndGlobalSection
EndGlobal
