
Microsoft Visual Studio Solution File, Format Version 12.00
# Visual Studio Version 17
VisualStudioVersion = 17.5.33502.453
MinimumVisualStudioVersion = 10.0.40219.1
Project("{2150E333-8FDC-42A3-9474-1A3956D46DE8}") = "Internal", "Internal", "{5C7118D0-2773-4998-BDD0-D8B8CD1E1894}"
	ProjectSection(SolutionItems) = preProject
		Internal\.editorconfig = Internal\.editorconfig
	EndProjectSection
EndProject
Project("{2150E333-8FDC-42A3-9474-1A3956D46DE8}") = "Scripts", "Scripts", "{36E0E6E8-483E-4042-B45A-D4D023407236}"
EndProject
Project("{2150E333-8FDC-42A3-9474-1A3956D46DE8}") = "Dlls", "Dlls", "{FBDF74F9-FFE6-4420-AF92-80A44D5AA1B5}"
	ProjectSection(SolutionItems) = preProject
		Dlls\ABOUT.md = Dlls\ABOUT.md
	EndProjectSection
EndProject
Project("{2150E333-8FDC-42A3-9474-1A3956D46DE8}") = "CompanionFiles", "CompanionFiles", "{E85814A8-8FB8-4269-838E-E6C13B82651A}"
EndProject
Project("{2150E333-8FDC-42A3-9474-1A3956D46DE8}") = "Skyline DataMiner", "Skyline DataMiner", "{0FC12E97-A95C-4B02-8A5F-FA69554410A6}"
	ProjectSection(SolutionItems) = preProject
		CompanionFiles\Skyline DataMiner\AboutThisFolder.md = CompanionFiles\Skyline DataMiner\AboutThisFolder.md
	EndProjectSection
EndProject
Project("{2150E333-8FDC-42A3-9474-1A3956D46DE8}") = "Documentation", "Documentation", "{5A98FE7E-FB1D-4371-A8EF-E6EED0EF126A}"
	ProjectSection(SolutionItems) = preProject
		Documentation\ABOUT.md = Documentation\ABOUT.md
		README.md = README.md
	EndProjectSection
EndProject
Project("{2150E333-8FDC-42A3-9474-1A3956D46DE8}") = "Tests", "Tests", "{F8938D60-51A0-4880-9CFC-19C66379BB5D}"
EndProject
Project("{2150E333-8FDC-42A3-9474-1A3956D46DE8}") = "Code Analysis", "Code Analysis", "{A1A110C7-26BD-459B-A623-AF77E4710DF3}"
	ProjectSection(SolutionItems) = preProject
		Internal\Code Analysis\qaction-debug.ruleset = Internal\Code Analysis\qaction-debug.ruleset
		Internal\Code Analysis\qaction-release.ruleset = Internal\Code Analysis\qaction-release.ruleset
		Internal\Code Analysis\stylecop.json = Internal\Code Analysis\stylecop.json
	EndProjectSection
EndProject
Project("{2150E333-8FDC-42A3-9474-1A3956D46DE8}") = "StreamEthCreateBulk", "StreamEthCreateBulk", "{627620BB-F303-4EFC-846F-87DA50B75F76}"
	ProjectSection(SolutionItems) = preProject
		StreamEthCreateBulk.xml = StreamEthCreateBulk.xml
	EndProjectSection
EndProject
Project("{2150E333-8FDC-42A3-9474-1A3956D46DE8}") = "Actions", "Actions", "{D4201014-1B83-44F7-A9BB-99FC2B1048F4}"
EndProject
Project("{9A19103F-16F7-4668-BE54-9A1E7A4F7556}") = "StreamEthCreateBulk_2", "StreamEthCreateBulk_2\StreamEthCreateBulk_2.csproj", "{1632D3E8-2750-4C1C-BA95-F54F81D3D9F8}"
EndProject
Project("{2150E333-8FDC-42A3-9474-1A3956D46DE8}") = "Streams", "Streams", "{030FA097-4C58-468E-A29E-9B5536CFECAA}"
EndProject
Project("{2150E333-8FDC-42A3-9474-1A3956D46DE8}") = "Alarm Thresholds", "Alarm Thresholds", "{F992EDCA-43E9-497B-8830-2E0DBEA85488}"
EndProject
Project("{2150E333-8FDC-42A3-9474-1A3956D46DE8}") = "Ethernet Streams", "Ethernet Streams", "{8893A68D-1756-4186-A180-49BCB5E300BA}"
EndProject
Project("{2150E333-8FDC-42A3-9474-1A3956D46DE8}") = "OTT Streams", "OTT Streams", "{71FC049F-361F-4A20-8717-CC3C5CEFE43F}"
EndProject
Project("{2150E333-8FDC-42A3-9474-1A3956D46DE8}") = "StreamEthCreateSingle", "StreamEthCreateSingle", "{FFFFF579-D2B3-4F39-BD02-A9AF5FB0AF42}"
	ProjectSection(SolutionItems) = preProject
		StreamEthCreateSingle.xml = StreamEthCreateSingle.xml
	EndProjectSection
EndProject
Project("{2150E333-8FDC-42A3-9474-1A3956D46DE8}") = "Actions", "Actions", "{E379EC68-C545-4B39-A41E-C6B74D5430AE}"
EndProject
Project("{9A19103F-16F7-4668-BE54-9A1E7A4F7556}") = "StreamEthCreateSingle_2", "StreamEthCreateSingle_2\StreamEthCreateSingle_2.csproj", "{6F200139-B496-478C-8DE1-ECEA368F702C}"
EndProject
Project("{2150E333-8FDC-42A3-9474-1A3956D46DE8}") = "StreamEthEdit", "StreamEthEdit", "{5425EB76-193C-4CC0-916F-A67C13742BA5}"
	ProjectSection(SolutionItems) = preProject
		StreamEthEdit.xml = StreamEthEdit.xml
	EndProjectSection
EndProject
Project("{2150E333-8FDC-42A3-9474-1A3956D46DE8}") = "Actions", "Actions", "{64323541-4DC7-471B-B5AB-D1F2EECF32EB}"
EndProject
Project("{9A19103F-16F7-4668-BE54-9A1E7A4F7556}") = "StreamEthEdit_2", "StreamEthEdit_2\StreamEthEdit_2.csproj", "{B0CAC37D-1332-4C05-9C94-993DDF051E31}"
EndProject
Project("{2150E333-8FDC-42A3-9474-1A3956D46DE8}") = "StreamEthDelete", "StreamEthDelete", "{1938CD15-E8F9-4936-9ED3-0FA58D44AB3C}"
	ProjectSection(SolutionItems) = preProject
		StreamEthDelete.xml = StreamEthDelete.xml
	EndProjectSection
EndProject
Project("{2150E333-8FDC-42A3-9474-1A3956D46DE8}") = "Actions", "Actions", "{4C86AF80-8584-48C9-BB32-CC093BC83715}"
EndProject
Project("{9A19103F-16F7-4668-BE54-9A1E7A4F7556}") = "StreamEthDelete_2", "StreamEthDelete_2\StreamEthDelete_2.csproj", "{C2AA89F2-7214-4680-AEA3-E4FC7904DC28}"
EndProject
Project("{2150E333-8FDC-42A3-9474-1A3956D46DE8}") = "StreamOttCreateBulk", "StreamOttCreateBulk", "{A92260EB-7BAA-4CEB-9CC3-685C2B92C904}"
	ProjectSection(SolutionItems) = preProject
		StreamOttCreateBulk.xml = StreamOttCreateBulk.xml
	EndProjectSection
EndProject
Project("{2150E333-8FDC-42A3-9474-1A3956D46DE8}") = "Actions", "Actions", "{98502AB2-2F22-47B8-9466-802813CCC6A3}"
EndProject
Project("{9A19103F-16F7-4668-BE54-9A1E7A4F7556}") = "StreamOttCreateBulk_1", "StreamOttCreateBulk_1\StreamOttCreateBulk_1.csproj", "{0786166F-E915-4D23-BAC2-A677FDCCCBD1}"
EndProject
Project("{2150E333-8FDC-42A3-9474-1A3956D46DE8}") = "StreamOttCreateSingle", "StreamOttCreateSingle", "{0B560F4C-1847-4CF1-9EFB-A6BB9CEAC911}"
	ProjectSection(SolutionItems) = preProject
		StreamOttCreateSingle.xml = StreamOttCreateSingle.xml
	EndProjectSection
EndProject
Project("{2150E333-8FDC-42A3-9474-1A3956D46DE8}") = "Actions", "Actions", "{EB8219E6-70FA-4B15-A691-4D375DF17ED4}"
EndProject
Project("{9A19103F-16F7-4668-BE54-9A1E7A4F7556}") = "StreamOttCreateSingle_1", "StreamOttCreateSingle_1\StreamOttCreateSingle_1.csproj", "{8DCC23D8-0570-4313-A424-B1367599897A}"
EndProject
Project("{2150E333-8FDC-42A3-9474-1A3956D46DE8}") = "StreamOttEdit", "StreamOttEdit", "{629E5429-1384-4243-AE89-274958EFE32F}"
	ProjectSection(SolutionItems) = preProject
		StreamOttEdit.xml = StreamOttEdit.xml
	EndProjectSection
EndProject
Project("{2150E333-8FDC-42A3-9474-1A3956D46DE8}") = "Actions", "Actions", "{EAFE699F-9CAA-4FC2-8F0D-26F7C42A401B}"
EndProject
Project("{9A19103F-16F7-4668-BE54-9A1E7A4F7556}") = "StreamOttEdit_1", "StreamOttEdit_1\StreamOttEdit_1.csproj", "{E8945F22-92EE-42D7-A356-AE1259EA95E2}"
EndProject
Project("{2150E333-8FDC-42A3-9474-1A3956D46DE8}") = "StreamOttDelete", "StreamOttDelete", "{097EA54A-3F06-4039-8801-1977C12782B4}"
	ProjectSection(SolutionItems) = preProject
		StreamOttDelete.xml = StreamOttDelete.xml
	EndProjectSection
EndProject
Project("{2150E333-8FDC-42A3-9474-1A3956D46DE8}") = "Actions", "Actions", "{9DF216A7-D221-43F7-8844-25104D48153F}"
EndProject
Project("{9A19103F-16F7-4668-BE54-9A1E7A4F7556}") = "StreamOttDelete_1", "StreamOttDelete_1\StreamOttDelete_1.csproj", "{976A4AF7-005F-4511-859F-7DB3DD68720D}"
EndProject
Project("{2150E333-8FDC-42A3-9474-1A3956D46DE8}") = "Ethernet Thresholds", "Ethernet Thresholds", "{0B940114-79D7-4E94-838E-6A9C7A28A4A5}"
EndProject
Project("{2150E333-8FDC-42A3-9474-1A3956D46DE8}") = "ETR Thresholds", "ETR Thresholds", "{C921C317-667E-4C16-B081-7E2053B6A0ED}"
EndProject
Project("{2150E333-8FDC-42A3-9474-1A3956D46DE8}") = "PID Thresholds", "PID Thresholds", "{59E8B02F-E8B1-4473-902A-C3D9E41FFA1B}"
EndProject
Project("{2150E333-8FDC-42A3-9474-1A3956D46DE8}") = "PID Thresholds Presets", "PID Thresholds Presets", "{E240D908-9D1E-4D1C-8DE9-1545DFD2440D}"
EndProject
Project("{2150E333-8FDC-42A3-9474-1A3956D46DE8}") = "ThresholdEthCreateBulk", "ThresholdEthCreateBulk", "{75BD828D-25A0-41D6-9783-F1E592C50566}"
	ProjectSection(SolutionItems) = preProject
		ThresholdEthCreateBulk.xml = ThresholdEthCreateBulk.xml
	EndProjectSection
EndProject
Project("{2150E333-8FDC-42A3-9474-1A3956D46DE8}") = "Actions", "Actions", "{9D42E379-5FCD-4FA4-9243-19DC03E6B204}"
EndProject
Project("{9A19103F-16F7-4668-BE54-9A1E7A4F7556}") = "ThresholdEthCreateBulk_1", "ThresholdEthCreateBulk_1\ThresholdEthCreateBulk_1.csproj", "{AACA96D5-57AE-4C1D-B5E7-535BBF73727B}"
EndProject
Project("{2150E333-8FDC-42A3-9474-1A3956D46DE8}") = "ThresholdEthCreateSingle", "ThresholdEthCreateSingle", "{C16BDADE-278D-4258-BDE5-57CEDA3A6D40}"
	ProjectSection(SolutionItems) = preProject
		ThresholdEthCreateSingle.xml = ThresholdEthCreateSingle.xml
	EndProjectSection
EndProject
Project("{2150E333-8FDC-42A3-9474-1A3956D46DE8}") = "Actions", "Actions", "{5BC5B29C-12E0-4C8B-B6D7-243CC3BC3072}"
EndProject
Project("{9A19103F-16F7-4668-BE54-9A1E7A4F7556}") = "ThresholdEthCreateSingle_1", "ThresholdEthCreateSingle_1\ThresholdEthCreateSingle_1.csproj", "{3812ABBF-412A-4B85-A564-4752BA1BB012}"
EndProject
Project("{2150E333-8FDC-42A3-9474-1A3956D46DE8}") = "ThresholdEthDelete", "ThresholdEthDelete", "{2889E2DC-AA02-458E-B498-FEA22A0C2C0C}"
	ProjectSection(SolutionItems) = preProject
		ThresholdEthDelete.xml = ThresholdEthDelete.xml
	EndProjectSection
EndProject
Project("{2150E333-8FDC-42A3-9474-1A3956D46DE8}") = "Actions", "Actions", "{E87900A3-7C8C-4BE6-A8E7-C7FD7A3C40CA}"
EndProject
Project("{9A19103F-16F7-4668-BE54-9A1E7A4F7556}") = "ThresholdEthDelete_1", "ThresholdEthDelete_1\ThresholdEthDelete_1.csproj", "{30BA622C-125C-4C8A-9807-7062412A544B}"
EndProject
Project("{2150E333-8FDC-42A3-9474-1A3956D46DE8}") = "ThresholdEthEdit", "ThresholdEthEdit", "{67FAA2E0-DDB0-4C06-8106-82374EFEC9B2}"
	ProjectSection(SolutionItems) = preProject
		ThresholdEthEdit.xml = ThresholdEthEdit.xml
	EndProjectSection
EndProject
Project("{2150E333-8FDC-42A3-9474-1A3956D46DE8}") = "Actions", "Actions", "{BCC7E2BA-D40F-4F67-991F-867E3E782792}"
EndProject
Project("{9A19103F-16F7-4668-BE54-9A1E7A4F7556}") = "ThresholdEthEdit_1", "ThresholdEthEdit_1\ThresholdEthEdit_1.csproj", "{1AF9D40D-4611-4B37-8535-AB7EAB3F3FA2}"
EndProject
Project("{2150E333-8FDC-42A3-9474-1A3956D46DE8}") = "ThresholdEtrCreateBulk", "ThresholdEtrCreateBulk", "{BF5F1A12-FCFC-4693-AF20-6B00AC1BF356}"
	ProjectSection(SolutionItems) = preProject
		ThresholdEtrCreateBulk.xml = ThresholdEtrCreateBulk.xml
	EndProjectSection
EndProject
Project("{2150E333-8FDC-42A3-9474-1A3956D46DE8}") = "Actions", "Actions", "{16757D09-C747-4AA1-8609-49F5D88CDE92}"
EndProject
Project("{9A19103F-16F7-4668-BE54-9A1E7A4F7556}") = "ThresholdEtrCreateBulk_1", "ThresholdEtrCreateBulk_1\ThresholdEtrCreateBulk_1.csproj", "{B9DB804F-BD1A-4D2E-A66E-417117568218}"
EndProject
Project("{2150E333-8FDC-42A3-9474-1A3956D46DE8}") = "ThresholdEtrCreateSingle", "ThresholdEtrCreateSingle", "{05842DB7-DC12-4B4B-A2C0-11A53D9A15BB}"
	ProjectSection(SolutionItems) = preProject
		ThresholdEtrCreateSingle.xml = ThresholdEtrCreateSingle.xml
	EndProjectSection
EndProject
Project("{2150E333-8FDC-42A3-9474-1A3956D46DE8}") = "Actions", "Actions", "{ADB42460-C215-4EDB-9D44-8201F805C2A9}"
EndProject
Project("{9A19103F-16F7-4668-BE54-9A1E7A4F7556}") = "ThresholdEtrCreateSingle_1", "ThresholdEtrCreateSingle_1\ThresholdEtrCreateSingle_1.csproj", "{953AC5EC-E908-47E5-A7C1-2A85E750BBBF}"
EndProject
Project("{2150E333-8FDC-42A3-9474-1A3956D46DE8}") = "ThresholdEtrDelete", "ThresholdEtrDelete", "{B443CF2C-591C-4C68-9CC8-52A758D7D187}"
	ProjectSection(SolutionItems) = preProject
		ThresholdEtrDelete.xml = ThresholdEtrDelete.xml
	EndProjectSection
EndProject
Project("{2150E333-8FDC-42A3-9474-1A3956D46DE8}") = "Actions", "Actions", "{AEA919BA-FF76-4E22-B9E1-D2283AA5911A}"
EndProject
Project("{9A19103F-16F7-4668-BE54-9A1E7A4F7556}") = "ThresholdEtrDelete_1", "ThresholdEtrDelete_1\ThresholdEtrDelete_1.csproj", "{E657DFFA-2C8B-4426-A1ED-65DC0343AB17}"
EndProject
Project("{2150E333-8FDC-42A3-9474-1A3956D46DE8}") = "ThresholdEtrEdit", "ThresholdEtrEdit", "{D8EA34AA-55B3-4F4B-9649-7CB89D146D72}"
	ProjectSection(SolutionItems) = preProject
		ThresholdEtrEdit.xml = ThresholdEtrEdit.xml
	EndProjectSection
EndProject
Project("{2150E333-8FDC-42A3-9474-1A3956D46DE8}") = "Actions", "Actions", "{591FF30C-6C1C-4666-9A29-63926186E13C}"
EndProject
Project("{9A19103F-16F7-4668-BE54-9A1E7A4F7556}") = "ThresholdEtrEdit_1", "ThresholdEtrEdit_1\ThresholdEtrEdit_1.csproj", "{DFEDB615-11A8-4F73-A8F9-DCCD3A69FF81}"
EndProject
Project("{2150E333-8FDC-42A3-9474-1A3956D46DE8}") = "ThresholdPidCreateBulk", "ThresholdPidCreateBulk", "{155C5EE2-6081-40E1-BFBC-983246C3922A}"
	ProjectSection(SolutionItems) = preProject
		ThresholdPidCreateBulk.xml = ThresholdPidCreateBulk.xml
	EndProjectSection
EndProject
Project("{2150E333-8FDC-42A3-9474-1A3956D46DE8}") = "Actions", "Actions", "{553F77AE-B35F-431B-8E6A-57E600AD4C4C}"
EndProject
Project("{9A19103F-16F7-4668-BE54-9A1E7A4F7556}") = "ThresholdPidCreateBulk_1", "ThresholdPidCreateBulk_1\ThresholdPidCreateBulk_1.csproj", "{C25CA592-89A1-4340-98D1-AE0ADADE3E6A}"
EndProject
Project("{2150E333-8FDC-42A3-9474-1A3956D46DE8}") = "ThresholdPidCreateSingle", "ThresholdPidCreateSingle", "{883FCB55-866B-45FB-9D9D-0F70D44AA1BB}"
	ProjectSection(SolutionItems) = preProject
		ThresholdPidCreateSingle.xml = ThresholdPidCreateSingle.xml
	EndProjectSection
EndProject
Project("{2150E333-8FDC-42A3-9474-1A3956D46DE8}") = "Actions", "Actions", "{2CB8FF5A-1FD1-42D7-9B22-7CA890833096}"
EndProject
Project("{9A19103F-16F7-4668-BE54-9A1E7A4F7556}") = "ThresholdPidCreateSingle_1", "ThresholdPidCreateSingle_1\ThresholdPidCreateSingle_1.csproj", "{C4BBBC67-F06E-4C1A-8801-57D1175F022D}"
EndProject
Project("{2150E333-8FDC-42A3-9474-1A3956D46DE8}") = "ThresholdPidDelete", "ThresholdPidDelete", "{08C67849-EDA8-40DF-BECB-6E1D5E46A696}"
	ProjectSection(SolutionItems) = preProject
		ThresholdPidDelete.xml = ThresholdPidDelete.xml
	EndProjectSection
EndProject
Project("{2150E333-8FDC-42A3-9474-1A3956D46DE8}") = "Actions", "Actions", "{7B4ACC91-FACE-4CF0-BC99-293B4209ED66}"
EndProject
Project("{9A19103F-16F7-4668-BE54-9A1E7A4F7556}") = "ThresholdPidDelete_1", "ThresholdPidDelete_1\ThresholdPidDelete_1.csproj", "{A77370CA-DE8A-414E-8AE2-355FA4154642}"
EndProject
Project("{2150E333-8FDC-42A3-9474-1A3956D46DE8}") = "ThresholdPidEdit", "ThresholdPidEdit", "{9EF7F494-0C76-4E9D-87D8-14322B6EB77C}"
	ProjectSection(SolutionItems) = preProject
		ThresholdPidEdit.xml = ThresholdPidEdit.xml
	EndProjectSection
EndProject
Project("{2150E333-8FDC-42A3-9474-1A3956D46DE8}") = "Actions", "Actions", "{FB69EC64-2B67-475D-AB90-66BEC8D37334}"
EndProject
Project("{9A19103F-16F7-4668-BE54-9A1E7A4F7556}") = "ThresholdPidEdit_1", "ThresholdPidEdit_1\ThresholdPidEdit_1.csproj", "{A8C6B386-8C2D-4763-9F3F-6DA359836AAE}"
EndProject
Project("{2150E333-8FDC-42A3-9474-1A3956D46DE8}") = "ThresholdPidPresetCreateBulk", "ThresholdPidPresetCreateBulk", "{66D22B42-DBC0-4E56-947F-9B3C2656203B}"
	ProjectSection(SolutionItems) = preProject
		ThresholdPidPresetCreateBulk.xml = ThresholdPidPresetCreateBulk.xml
	EndProjectSection
EndProject
Project("{2150E333-8FDC-42A3-9474-1A3956D46DE8}") = "Actions", "Actions", "{216B10F0-1AB7-4A58-8C14-1A472D18A044}"
EndProject
Project("{9A19103F-16F7-4668-BE54-9A1E7A4F7556}") = "ThresholdPidPresetCreateBulk_1", "ThresholdPidPresetCreateBulk_1\ThresholdPidPresetCreateBulk_1.csproj", "{47CEAB04-DE2C-40E2-A4BE-4F72BEDCDD18}"
EndProject
Project("{2150E333-8FDC-42A3-9474-1A3956D46DE8}") = "ThresholdPidPresetCreateSingle", "ThresholdPidPresetCreateSingle", "{20AF6FF3-2B3B-4C03-BD00-3DC379DC7514}"
	ProjectSection(SolutionItems) = preProject
		ThresholdPidPresetCreateSingle.xml = ThresholdPidPresetCreateSingle.xml
	EndProjectSection
EndProject
Project("{2150E333-8FDC-42A3-9474-1A3956D46DE8}") = "Actions", "Actions", "{922470DF-4593-4577-969B-890A30D41A4F}"
EndProject
Project("{9A19103F-16F7-4668-BE54-9A1E7A4F7556}") = "ThresholdPidPresetCreateSingle_1", "ThresholdPidPresetCreateSingle_1\ThresholdPidPresetCreateSingle_1.csproj", "{42DE9BF3-0DCB-4897-B6E0-5E8B7A2405D6}"
EndProject
Project("{2150E333-8FDC-42A3-9474-1A3956D46DE8}") = "ThresholdPidPresetDelete", "ThresholdPidPresetDelete", "{87B53E25-3E12-4618-AEFE-9D9C83FCEDA9}"
	ProjectSection(SolutionItems) = preProject
		ThresholdPidPresetDelete.xml = ThresholdPidPresetDelete.xml
	EndProjectSection
EndProject
Project("{2150E333-8FDC-42A3-9474-1A3956D46DE8}") = "Actions", "Actions", "{154F65CB-87B7-44D7-B34D-9C81D53CDBF5}"
EndProject
Project("{9A19103F-16F7-4668-BE54-9A1E7A4F7556}") = "ThresholdPidPresetDelete_1", "ThresholdPidPresetDelete_1\ThresholdPidPresetDelete_1.csproj", "{C2823289-70BF-4D58-BE50-80CCCB1910EC}"
EndProject
Project("{2150E333-8FDC-42A3-9474-1A3956D46DE8}") = "ThresholdPidPresetEdit", "ThresholdPidPresetEdit", "{214C1741-099B-40DD-A5DC-1A79A121BB76}"
	ProjectSection(SolutionItems) = preProject
		ThresholdPidPresetEdit.xml = ThresholdPidPresetEdit.xml
	EndProjectSection
EndProject
Project("{2150E333-8FDC-42A3-9474-1A3956D46DE8}") = "Actions", "Actions", "{52C6FCC1-EECB-4666-8799-48C035871B50}"
EndProject
Project("{9A19103F-16F7-4668-BE54-9A1E7A4F7556}") = "ThresholdPidPresetEdit_1", "ThresholdPidPresetEdit_1\ThresholdPidPresetEdit_1.csproj", "{38B1EDA0-E953-4FD1-B74A-FBD7534D29EB}"
EndProject
Global
	GlobalSection(SolutionConfigurationPlatforms) = preSolution
		Debug|Any CPU = Debug|Any CPU
		Release|Any CPU = Release|Any CPU
	EndGlobalSection
	GlobalSection(ProjectConfigurationPlatforms) = postSolution
		{1632D3E8-2750-4C1C-BA95-F54F81D3D9F8}.Debug|Any CPU.ActiveCfg = Debug|Any CPU
		{1632D3E8-2750-4C1C-BA95-F54F81D3D9F8}.Debug|Any CPU.Build.0 = Debug|Any CPU
		{1632D3E8-2750-4C1C-BA95-F54F81D3D9F8}.Release|Any CPU.ActiveCfg = Release|Any CPU
		{1632D3E8-2750-4C1C-BA95-F54F81D3D9F8}.Release|Any CPU.Build.0 = Release|Any CPU
		{6F200139-B496-478C-8DE1-ECEA368F702C}.Debug|Any CPU.ActiveCfg = Debug|Any CPU
		{6F200139-B496-478C-8DE1-ECEA368F702C}.Debug|Any CPU.Build.0 = Debug|Any CPU
		{6F200139-B496-478C-8DE1-ECEA368F702C}.Release|Any CPU.ActiveCfg = Release|Any CPU
		{6F200139-B496-478C-8DE1-ECEA368F702C}.Release|Any CPU.Build.0 = Release|Any CPU
		{B0CAC37D-1332-4C05-9C94-993DDF051E31}.Debug|Any CPU.ActiveCfg = Debug|Any CPU
		{B0CAC37D-1332-4C05-9C94-993DDF051E31}.Debug|Any CPU.Build.0 = Debug|Any CPU
		{B0CAC37D-1332-4C05-9C94-993DDF051E31}.Release|Any CPU.ActiveCfg = Release|Any CPU
		{B0CAC37D-1332-4C05-9C94-993DDF051E31}.Release|Any CPU.Build.0 = Release|Any CPU
		{C2AA89F2-7214-4680-AEA3-E4FC7904DC28}.Debug|Any CPU.ActiveCfg = Debug|Any CPU
		{C2AA89F2-7214-4680-AEA3-E4FC7904DC28}.Debug|Any CPU.Build.0 = Debug|Any CPU
		{C2AA89F2-7214-4680-AEA3-E4FC7904DC28}.Release|Any CPU.ActiveCfg = Release|Any CPU
		{C2AA89F2-7214-4680-AEA3-E4FC7904DC28}.Release|Any CPU.Build.0 = Release|Any CPU
		{0786166F-E915-4D23-BAC2-A677FDCCCBD1}.Debug|Any CPU.ActiveCfg = Debug|Any CPU
		{0786166F-E915-4D23-BAC2-A677FDCCCBD1}.Debug|Any CPU.Build.0 = Debug|Any CPU
		{0786166F-E915-4D23-BAC2-A677FDCCCBD1}.Release|Any CPU.ActiveCfg = Release|Any CPU
		{0786166F-E915-4D23-BAC2-A677FDCCCBD1}.Release|Any CPU.Build.0 = Release|Any CPU
		{8DCC23D8-0570-4313-A424-B1367599897A}.Debug|Any CPU.ActiveCfg = Debug|Any CPU
		{8DCC23D8-0570-4313-A424-B1367599897A}.Debug|Any CPU.Build.0 = Debug|Any CPU
		{8DCC23D8-0570-4313-A424-B1367599897A}.Release|Any CPU.ActiveCfg = Release|Any CPU
		{8DCC23D8-0570-4313-A424-B1367599897A}.Release|Any CPU.Build.0 = Release|Any CPU
		{E8945F22-92EE-42D7-A356-AE1259EA95E2}.Debug|Any CPU.ActiveCfg = Debug|Any CPU
		{E8945F22-92EE-42D7-A356-AE1259EA95E2}.Debug|Any CPU.Build.0 = Debug|Any CPU
		{E8945F22-92EE-42D7-A356-AE1259EA95E2}.Release|Any CPU.ActiveCfg = Release|Any CPU
		{E8945F22-92EE-42D7-A356-AE1259EA95E2}.Release|Any CPU.Build.0 = Release|Any CPU
		{976A4AF7-005F-4511-859F-7DB3DD68720D}.Debug|Any CPU.ActiveCfg = Debug|Any CPU
		{976A4AF7-005F-4511-859F-7DB3DD68720D}.Debug|Any CPU.Build.0 = Debug|Any CPU
		{976A4AF7-005F-4511-859F-7DB3DD68720D}.Release|Any CPU.ActiveCfg = Release|Any CPU
		{976A4AF7-005F-4511-859F-7DB3DD68720D}.Release|Any CPU.Build.0 = Release|Any CPU
		{AACA96D5-57AE-4C1D-B5E7-535BBF73727B}.Debug|Any CPU.ActiveCfg = Debug|Any CPU
		{AACA96D5-57AE-4C1D-B5E7-535BBF73727B}.Debug|Any CPU.Build.0 = Debug|Any CPU
		{AACA96D5-57AE-4C1D-B5E7-535BBF73727B}.Release|Any CPU.ActiveCfg = Release|Any CPU
		{AACA96D5-57AE-4C1D-B5E7-535BBF73727B}.Release|Any CPU.Build.0 = Release|Any CPU
		{3812ABBF-412A-4B85-A564-4752BA1BB012}.Debug|Any CPU.ActiveCfg = Debug|Any CPU
		{3812ABBF-412A-4B85-A564-4752BA1BB012}.Debug|Any CPU.Build.0 = Debug|Any CPU
		{3812ABBF-412A-4B85-A564-4752BA1BB012}.Release|Any CPU.ActiveCfg = Release|Any CPU
		{3812ABBF-412A-4B85-A564-4752BA1BB012}.Release|Any CPU.Build.0 = Release|Any CPU
		{30BA622C-125C-4C8A-9807-7062412A544B}.Debug|Any CPU.ActiveCfg = Debug|Any CPU
		{30BA622C-125C-4C8A-9807-7062412A544B}.Debug|Any CPU.Build.0 = Debug|Any CPU
		{30BA622C-125C-4C8A-9807-7062412A544B}.Release|Any CPU.ActiveCfg = Release|Any CPU
		{30BA622C-125C-4C8A-9807-7062412A544B}.Release|Any CPU.Build.0 = Release|Any CPU
		{1AF9D40D-4611-4B37-8535-AB7EAB3F3FA2}.Debug|Any CPU.ActiveCfg = Debug|Any CPU
		{1AF9D40D-4611-4B37-8535-AB7EAB3F3FA2}.Debug|Any CPU.Build.0 = Debug|Any CPU
		{1AF9D40D-4611-4B37-8535-AB7EAB3F3FA2}.Release|Any CPU.ActiveCfg = Release|Any CPU
		{1AF9D40D-4611-4B37-8535-AB7EAB3F3FA2}.Release|Any CPU.Build.0 = Release|Any CPU
		{B9DB804F-BD1A-4D2E-A66E-417117568218}.Debug|Any CPU.ActiveCfg = Debug|Any CPU
		{B9DB804F-BD1A-4D2E-A66E-417117568218}.Debug|Any CPU.Build.0 = Debug|Any CPU
		{B9DB804F-BD1A-4D2E-A66E-417117568218}.Release|Any CPU.ActiveCfg = Release|Any CPU
		{B9DB804F-BD1A-4D2E-A66E-417117568218}.Release|Any CPU.Build.0 = Release|Any CPU
		{953AC5EC-E908-47E5-A7C1-2A85E750BBBF}.Debug|Any CPU.ActiveCfg = Debug|Any CPU
		{953AC5EC-E908-47E5-A7C1-2A85E750BBBF}.Debug|Any CPU.Build.0 = Debug|Any CPU
		{953AC5EC-E908-47E5-A7C1-2A85E750BBBF}.Release|Any CPU.ActiveCfg = Release|Any CPU
		{953AC5EC-E908-47E5-A7C1-2A85E750BBBF}.Release|Any CPU.Build.0 = Release|Any CPU
		{E657DFFA-2C8B-4426-A1ED-65DC0343AB17}.Debug|Any CPU.ActiveCfg = Debug|Any CPU
		{E657DFFA-2C8B-4426-A1ED-65DC0343AB17}.Debug|Any CPU.Build.0 = Debug|Any CPU
		{E657DFFA-2C8B-4426-A1ED-65DC0343AB17}.Release|Any CPU.ActiveCfg = Release|Any CPU
		{E657DFFA-2C8B-4426-A1ED-65DC0343AB17}.Release|Any CPU.Build.0 = Release|Any CPU
		{DFEDB615-11A8-4F73-A8F9-DCCD3A69FF81}.Debug|Any CPU.ActiveCfg = Debug|Any CPU
		{DFEDB615-11A8-4F73-A8F9-DCCD3A69FF81}.Debug|Any CPU.Build.0 = Debug|Any CPU
		{DFEDB615-11A8-4F73-A8F9-DCCD3A69FF81}.Release|Any CPU.ActiveCfg = Release|Any CPU
		{DFEDB615-11A8-4F73-A8F9-DCCD3A69FF81}.Release|Any CPU.Build.0 = Release|Any CPU
		{C25CA592-89A1-4340-98D1-AE0ADADE3E6A}.Debug|Any CPU.ActiveCfg = Debug|Any CPU
		{C25CA592-89A1-4340-98D1-AE0ADADE3E6A}.Debug|Any CPU.Build.0 = Debug|Any CPU
		{C25CA592-89A1-4340-98D1-AE0ADADE3E6A}.Release|Any CPU.ActiveCfg = Release|Any CPU
		{C25CA592-89A1-4340-98D1-AE0ADADE3E6A}.Release|Any CPU.Build.0 = Release|Any CPU
		{C4BBBC67-F06E-4C1A-8801-57D1175F022D}.Debug|Any CPU.ActiveCfg = Debug|Any CPU
		{C4BBBC67-F06E-4C1A-8801-57D1175F022D}.Debug|Any CPU.Build.0 = Debug|Any CPU
		{C4BBBC67-F06E-4C1A-8801-57D1175F022D}.Release|Any CPU.ActiveCfg = Release|Any CPU
		{C4BBBC67-F06E-4C1A-8801-57D1175F022D}.Release|Any CPU.Build.0 = Release|Any CPU
		{A77370CA-DE8A-414E-8AE2-355FA4154642}.Debug|Any CPU.ActiveCfg = Debug|Any CPU
		{A77370CA-DE8A-414E-8AE2-355FA4154642}.Debug|Any CPU.Build.0 = Debug|Any CPU
		{A77370CA-DE8A-414E-8AE2-355FA4154642}.Release|Any CPU.ActiveCfg = Release|Any CPU
		{A77370CA-DE8A-414E-8AE2-355FA4154642}.Release|Any CPU.Build.0 = Release|Any CPU
		{A8C6B386-8C2D-4763-9F3F-6DA359836AAE}.Debug|Any CPU.ActiveCfg = Debug|Any CPU
		{A8C6B386-8C2D-4763-9F3F-6DA359836AAE}.Debug|Any CPU.Build.0 = Debug|Any CPU
		{A8C6B386-8C2D-4763-9F3F-6DA359836AAE}.Release|Any CPU.ActiveCfg = Release|Any CPU
		{A8C6B386-8C2D-4763-9F3F-6DA359836AAE}.Release|Any CPU.Build.0 = Release|Any CPU
		{47CEAB04-DE2C-40E2-A4BE-4F72BEDCDD18}.Debug|Any CPU.ActiveCfg = Debug|Any CPU
		{47CEAB04-DE2C-40E2-A4BE-4F72BEDCDD18}.Debug|Any CPU.Build.0 = Debug|Any CPU
		{47CEAB04-DE2C-40E2-A4BE-4F72BEDCDD18}.Release|Any CPU.ActiveCfg = Release|Any CPU
		{47CEAB04-DE2C-40E2-A4BE-4F72BEDCDD18}.Release|Any CPU.Build.0 = Release|Any CPU
		{42DE9BF3-0DCB-4897-B6E0-5E8B7A2405D6}.Debug|Any CPU.ActiveCfg = Debug|Any CPU
		{42DE9BF3-0DCB-4897-B6E0-5E8B7A2405D6}.Debug|Any CPU.Build.0 = Debug|Any CPU
		{42DE9BF3-0DCB-4897-B6E0-5E8B7A2405D6}.Release|Any CPU.ActiveCfg = Release|Any CPU
		{42DE9BF3-0DCB-4897-B6E0-5E8B7A2405D6}.Release|Any CPU.Build.0 = Release|Any CPU
		{C2823289-70BF-4D58-BE50-80CCCB1910EC}.Debug|Any CPU.ActiveCfg = Debug|Any CPU
		{C2823289-70BF-4D58-BE50-80CCCB1910EC}.Debug|Any CPU.Build.0 = Debug|Any CPU
		{C2823289-70BF-4D58-BE50-80CCCB1910EC}.Release|Any CPU.ActiveCfg = Release|Any CPU
		{C2823289-70BF-4D58-BE50-80CCCB1910EC}.Release|Any CPU.Build.0 = Release|Any CPU
		{38B1EDA0-E953-4FD1-B74A-FBD7534D29EB}.Debug|Any CPU.ActiveCfg = Debug|Any CPU
		{38B1EDA0-E953-4FD1-B74A-FBD7534D29EB}.Debug|Any CPU.Build.0 = Debug|Any CPU
		{38B1EDA0-E953-4FD1-B74A-FBD7534D29EB}.Release|Any CPU.ActiveCfg = Release|Any CPU
		{38B1EDA0-E953-4FD1-B74A-FBD7534D29EB}.Release|Any CPU.Build.0 = Release|Any CPU
	EndGlobalSection
	GlobalSection(SolutionProperties) = preSolution
		HideSolutionNode = FALSE
	EndGlobalSection
	GlobalSection(NestedProjects) = preSolution
		{0FC12E97-A95C-4B02-8A5F-FA69554410A6} = {E85814A8-8FB8-4269-838E-E6C13B82651A}
		{A1A110C7-26BD-459B-A623-AF77E4710DF3} = {5C7118D0-2773-4998-BDD0-D8B8CD1E1894}
		{627620BB-F303-4EFC-846F-87DA50B75F76} = {8893A68D-1756-4186-A180-49BCB5E300BA}
		{D4201014-1B83-44F7-A9BB-99FC2B1048F4} = {627620BB-F303-4EFC-846F-87DA50B75F76}
		{1632D3E8-2750-4C1C-BA95-F54F81D3D9F8} = {D4201014-1B83-44F7-A9BB-99FC2B1048F4}
		{030FA097-4C58-468E-A29E-9B5536CFECAA} = {36E0E6E8-483E-4042-B45A-D4D023407236}
		{F992EDCA-43E9-497B-8830-2E0DBEA85488} = {36E0E6E8-483E-4042-B45A-D4D023407236}
		{8893A68D-1756-4186-A180-49BCB5E300BA} = {030FA097-4C58-468E-A29E-9B5536CFECAA}
		{71FC049F-361F-4A20-8717-CC3C5CEFE43F} = {030FA097-4C58-468E-A29E-9B5536CFECAA}
		{FFFFF579-D2B3-4F39-BD02-A9AF5FB0AF42} = {8893A68D-1756-4186-A180-49BCB5E300BA}
		{E379EC68-C545-4B39-A41E-C6B74D5430AE} = {FFFFF579-D2B3-4F39-BD02-A9AF5FB0AF42}
		{6F200139-B496-478C-8DE1-ECEA368F702C} = {E379EC68-C545-4B39-A41E-C6B74D5430AE}
		{5425EB76-193C-4CC0-916F-A67C13742BA5} = {8893A68D-1756-4186-A180-49BCB5E300BA}
		{64323541-4DC7-471B-B5AB-D1F2EECF32EB} = {5425EB76-193C-4CC0-916F-A67C13742BA5}
		{B0CAC37D-1332-4C05-9C94-993DDF051E31} = {64323541-4DC7-471B-B5AB-D1F2EECF32EB}
		{1938CD15-E8F9-4936-9ED3-0FA58D44AB3C} = {8893A68D-1756-4186-A180-49BCB5E300BA}
		{4C86AF80-8584-48C9-BB32-CC093BC83715} = {1938CD15-E8F9-4936-9ED3-0FA58D44AB3C}
		{C2AA89F2-7214-4680-AEA3-E4FC7904DC28} = {4C86AF80-8584-48C9-BB32-CC093BC83715}
		{A92260EB-7BAA-4CEB-9CC3-685C2B92C904} = {71FC049F-361F-4A20-8717-CC3C5CEFE43F}
		{98502AB2-2F22-47B8-9466-802813CCC6A3} = {A92260EB-7BAA-4CEB-9CC3-685C2B92C904}
		{0786166F-E915-4D23-BAC2-A677FDCCCBD1} = {98502AB2-2F22-47B8-9466-802813CCC6A3}
		{0B560F4C-1847-4CF1-9EFB-A6BB9CEAC911} = {71FC049F-361F-4A20-8717-CC3C5CEFE43F}
		{EB8219E6-70FA-4B15-A691-4D375DF17ED4} = {0B560F4C-1847-4CF1-9EFB-A6BB9CEAC911}
		{8DCC23D8-0570-4313-A424-B1367599897A} = {EB8219E6-70FA-4B15-A691-4D375DF17ED4}
		{629E5429-1384-4243-AE89-274958EFE32F} = {71FC049F-361F-4A20-8717-CC3C5CEFE43F}
		{EAFE699F-9CAA-4FC2-8F0D-26F7C42A401B} = {629E5429-1384-4243-AE89-274958EFE32F}
		{E8945F22-92EE-42D7-A356-AE1259EA95E2} = {EAFE699F-9CAA-4FC2-8F0D-26F7C42A401B}
		{097EA54A-3F06-4039-8801-1977C12782B4} = {71FC049F-361F-4A20-8717-CC3C5CEFE43F}
		{9DF216A7-D221-43F7-8844-25104D48153F} = {097EA54A-3F06-4039-8801-1977C12782B4}
		{976A4AF7-005F-4511-859F-7DB3DD68720D} = {9DF216A7-D221-43F7-8844-25104D48153F}
		{0B940114-79D7-4E94-838E-6A9C7A28A4A5} = {F992EDCA-43E9-497B-8830-2E0DBEA85488}
		{C921C317-667E-4C16-B081-7E2053B6A0ED} = {F992EDCA-43E9-497B-8830-2E0DBEA85488}
		{59E8B02F-E8B1-4473-902A-C3D9E41FFA1B} = {F992EDCA-43E9-497B-8830-2E0DBEA85488}
		{E240D908-9D1E-4D1C-8DE9-1545DFD2440D} = {F992EDCA-43E9-497B-8830-2E0DBEA85488}
		{75BD828D-25A0-41D6-9783-F1E592C50566} = {0B940114-79D7-4E94-838E-6A9C7A28A4A5}
		{9D42E379-5FCD-4FA4-9243-19DC03E6B204} = {75BD828D-25A0-41D6-9783-F1E592C50566}
		{AACA96D5-57AE-4C1D-B5E7-535BBF73727B} = {9D42E379-5FCD-4FA4-9243-19DC03E6B204}
		{C16BDADE-278D-4258-BDE5-57CEDA3A6D40} = {0B940114-79D7-4E94-838E-6A9C7A28A4A5}
		{5BC5B29C-12E0-4C8B-B6D7-243CC3BC3072} = {C16BDADE-278D-4258-BDE5-57CEDA3A6D40}
		{3812ABBF-412A-4B85-A564-4752BA1BB012} = {5BC5B29C-12E0-4C8B-B6D7-243CC3BC3072}
		{2889E2DC-AA02-458E-B498-FEA22A0C2C0C} = {0B940114-79D7-4E94-838E-6A9C7A28A4A5}
		{E87900A3-7C8C-4BE6-A8E7-C7FD7A3C40CA} = {2889E2DC-AA02-458E-B498-FEA22A0C2C0C}
		{30BA622C-125C-4C8A-9807-7062412A544B} = {E87900A3-7C8C-4BE6-A8E7-C7FD7A3C40CA}
		{67FAA2E0-DDB0-4C06-8106-82374EFEC9B2} = {0B940114-79D7-4E94-838E-6A9C7A28A4A5}
		{BCC7E2BA-D40F-4F67-991F-867E3E782792} = {67FAA2E0-DDB0-4C06-8106-82374EFEC9B2}
		{1AF9D40D-4611-4B37-8535-AB7EAB3F3FA2} = {BCC7E2BA-D40F-4F67-991F-867E3E782792}
		{BF5F1A12-FCFC-4693-AF20-6B00AC1BF356} = {C921C317-667E-4C16-B081-7E2053B6A0ED}
		{16757D09-C747-4AA1-8609-49F5D88CDE92} = {BF5F1A12-FCFC-4693-AF20-6B00AC1BF356}
		{B9DB804F-BD1A-4D2E-A66E-417117568218} = {16757D09-C747-4AA1-8609-49F5D88CDE92}
		{05842DB7-DC12-4B4B-A2C0-11A53D9A15BB} = {C921C317-667E-4C16-B081-7E2053B6A0ED}
		{ADB42460-C215-4EDB-9D44-8201F805C2A9} = {05842DB7-DC12-4B4B-A2C0-11A53D9A15BB}
		{953AC5EC-E908-47E5-A7C1-2A85E750BBBF} = {ADB42460-C215-4EDB-9D44-8201F805C2A9}
		{B443CF2C-591C-4C68-9CC8-52A758D7D187} = {C921C317-667E-4C16-B081-7E2053B6A0ED}
		{AEA919BA-FF76-4E22-B9E1-D2283AA5911A} = {B443CF2C-591C-4C68-9CC8-52A758D7D187}
		{E657DFFA-2C8B-4426-A1ED-65DC0343AB17} = {AEA919BA-FF76-4E22-B9E1-D2283AA5911A}
		{D8EA34AA-55B3-4F4B-9649-7CB89D146D72} = {C921C317-667E-4C16-B081-7E2053B6A0ED}
		{591FF30C-6C1C-4666-9A29-63926186E13C} = {D8EA34AA-55B3-4F4B-9649-7CB89D146D72}
		{DFEDB615-11A8-4F73-A8F9-DCCD3A69FF81} = {591FF30C-6C1C-4666-9A29-63926186E13C}
		{155C5EE2-6081-40E1-BFBC-983246C3922A} = {59E8B02F-E8B1-4473-902A-C3D9E41FFA1B}
		{553F77AE-B35F-431B-8E6A-57E600AD4C4C} = {155C5EE2-6081-40E1-BFBC-983246C3922A}
		{C25CA592-89A1-4340-98D1-AE0ADADE3E6A} = {553F77AE-B35F-431B-8E6A-57E600AD4C4C}
		{883FCB55-866B-45FB-9D9D-0F70D44AA1BB} = {59E8B02F-E8B1-4473-902A-C3D9E41FFA1B}
		{2CB8FF5A-1FD1-42D7-9B22-7CA890833096} = {883FCB55-866B-45FB-9D9D-0F70D44AA1BB}
		{C4BBBC67-F06E-4C1A-8801-57D1175F022D} = {2CB8FF5A-1FD1-42D7-9B22-7CA890833096}
		{08C67849-EDA8-40DF-BECB-6E1D5E46A696} = {59E8B02F-E8B1-4473-902A-C3D9E41FFA1B}
		{7B4ACC91-FACE-4CF0-BC99-293B4209ED66} = {08C67849-EDA8-40DF-BECB-6E1D5E46A696}
		{A77370CA-DE8A-414E-8AE2-355FA4154642} = {7B4ACC91-FACE-4CF0-BC99-293B4209ED66}
		{9EF7F494-0C76-4E9D-87D8-14322B6EB77C} = {59E8B02F-E8B1-4473-902A-C3D9E41FFA1B}
		{FB69EC64-2B67-475D-AB90-66BEC8D37334} = {9EF7F494-0C76-4E9D-87D8-14322B6EB77C}
		{A8C6B386-8C2D-4763-9F3F-6DA359836AAE} = {FB69EC64-2B67-475D-AB90-66BEC8D37334}
		{66D22B42-DBC0-4E56-947F-9B3C2656203B} = {E240D908-9D1E-4D1C-8DE9-1545DFD2440D}
		{216B10F0-1AB7-4A58-8C14-1A472D18A044} = {66D22B42-DBC0-4E56-947F-9B3C2656203B}
		{47CEAB04-DE2C-40E2-A4BE-4F72BEDCDD18} = {216B10F0-1AB7-4A58-8C14-1A472D18A044}
		{20AF6FF3-2B3B-4C03-BD00-3DC379DC7514} = {E240D908-9D1E-4D1C-8DE9-1545DFD2440D}
		{922470DF-4593-4577-969B-890A30D41A4F} = {20AF6FF3-2B3B-4C03-BD00-3DC379DC7514}
		{42DE9BF3-0DCB-4897-B6E0-5E8B7A2405D6} = {922470DF-4593-4577-969B-890A30D41A4F}
		{87B53E25-3E12-4618-AEFE-9D9C83FCEDA9} = {E240D908-9D1E-4D1C-8DE9-1545DFD2440D}
		{154F65CB-87B7-44D7-B34D-9C81D53CDBF5} = {87B53E25-3E12-4618-AEFE-9D9C83FCEDA9}
		{C2823289-70BF-4D58-BE50-80CCCB1910EC} = {154F65CB-87B7-44D7-B34D-9C81D53CDBF5}
		{214C1741-099B-40DD-A5DC-1A79A121BB76} = {E240D908-9D1E-4D1C-8DE9-1545DFD2440D}
		{52C6FCC1-EECB-4666-8799-48C035871B50} = {214C1741-099B-40DD-A5DC-1A79A121BB76}
		{38B1EDA0-E953-4FD1-B74A-FBD7534D29EB} = {52C6FCC1-EECB-4666-8799-48C035871B50}
	EndGlobalSection
	GlobalSection(ExtensibilityGlobals) = postSolution
		SolutionGuid = {BD80FBCD-1772-4E26-8EE1-E5B83B22FDEA}
	EndGlobalSection
EndGlobal
